lockfileVersion: '6.0'

dependencies:
  prosemirror-tables:
    specifier: github:Asana/prosemirror-tables#master
    version: github.com/Asana/prosemirror-tables/61f04de80ac3004aab9eada2b565980047edfbd5

packages:

  /orderedmap@2.1.0:
    resolution: {integrity: sha512-/pIFexOm6S70EPdznemIz3BQZoJ4VTFrhqzu0ACBqBgeLsLxq8e6Jim63ImIfwW/zAD1AlXpRMlOv3aghmo4dA==}
    dev: false

  /prosemirror-keymap@1.2.1:
    resolution: {integrity: sha512-kVK6WGC+83LZwuSJnuCb9PsADQnFZllt94qPP3Rx/vLcOUV65+IbBeH2nS5cFggPyEVJhGkGrgYFRrG250WhHQ==}
    dependencies:
      prosemirror-state: 1.4.2
      w3c-keyname: 2.2.6
    dev: false

  /prosemirror-model@1.19.0:
    resolution: {integrity: sha512-/CvFGJnwc41EJSfDkQLly1cAJJJmBpZwwUJtwZPTjY2RqZJfM8HVbCreOY/jti8wTRbVyjagcylyGoeJH/g/3w==}
    dependencies:
      orderedmap: 2.1.0
    dev: false

  /prosemirror-state@1.4.2:
    resolution: {integrity: sha512-puuzLD2mz/oTdfgd8msFbe0A42j5eNudKAAPDB0+QJRw8cO1ygjLmhLrg9RvDpf87Dkd6D4t93qdef00KKNacQ==}
    dependencies:
      prosemirror-model: 1.19.0
      prosemirror-transform: 1.7.1
      prosemirror-view: 1.31.2
    dev: false

  /prosemirror-transform@1.7.1:
    resolution: {integrity: sha512-VteoifAfpt46z0yEt6Fc73A5OID9t/y2QIeR5MgxEwTuitadEunD/V0c9jQW8ziT8pbFM54uTzRLJ/nLuQjMxg==}
    dependencies:
      prosemirror-model: 1.19.0
    dev: false

  /prosemirror-view@1.31.2:
    resolution: {integrity: sha512-d/HKgUsaKzMQnr5tGRdZq+8GSixOTyYI69hoNV417VlciTvUDFSr4SWsRNUzhMRwvT6xVLI8yrVWERHjNWI6uw==}
    dependencies:
      prosemirror-model: 1.19.0
      prosemirror-state: 1.4.2
      prosemirror-transform: 1.7.1
    dev: false

  /w3c-keyname@2.2.6:
    resolution: {integrity: sha512-f+fciywl1SJEniZHD6H+kUO8gOnwIr7f4ijKA6+ZvJFjeGi1r4PDLl53Ayud9O/rk64RqgoQine0feoeOU0kXg==}
    dev: false

  github.com/Asana/prosemirror-tables/61f04de80ac3004aab9eada2b565980047edfbd5:
    resolution: {tarball: https://codeload.github.com/Asana/prosemirror-tables/tar.gz/61f04de80ac3004aab9eada2b565980047edfbd5}
    name: prosemirror-tables
    version: 1.2.5
    prepare: true
    requiresBuild: true
    dependencies:
      prosemirror-keymap: 1.2.1
      prosemirror-model: 1.19.0
      prosemirror-state: 1.4.2
      prosemirror-transform: 1.7.1
      prosemirror-view: 1.31.2
    dev: false
